
Microsoft Visual Studio Solution File, Format Version 12.00
# Visual Studio 2013
VisualStudioVersion = 12.0.40629.0
MinimumVisualStudioVersion = 10.0.40219.1
Project("{FAE04EC0-301F-11D3-BF4B-00C04F79EFBC}") = "DiemDL", "DiemDL\DiemDL.csproj", "{EF6D9554-BE02-4D8C-9C1B-3E501FD3B5DC}"
EndProject
Project("{FAE04EC0-301F-11D3-BF4B-00C04F79EFBC}") = "ModelEF", "ModelEF\ModelEF.csproj", "{59DB6FD1-BEC3-4827-B4C2-1E8BE527266E}"
EndProject
Global
	GlobalSection(SolutionConfigurationPlatforms) = preSolution
		Debug|Any CPU = Debug|Any CPU
		Release|Any CPU = Release|Any CPU
	EndGlobalSection
	GlobalSection(ProjectConfigurationPlatforms) = postSolution
		{EF6D9554-BE02-4D8C-9C1B-3E501FD3B5DC}.Debug|Any CPU.ActiveCfg = Debug|Any CPU
		{EF6D9554-BE02-4D8C-9C1B-3E501FD3B5DC}.Debug|Any CPU.Build.0 = Debug|Any CPU
		{EF6D9554-BE02-4D8C-9C1B-3E501FD3B5DC}.Release|Any CPU.ActiveCfg = Release|Any CPU
		{EF6D9554-BE02-4D8C-9C1B-3E501FD3B5DC}.Release|Any CPU.Build.0 = Release|Any CPU
		{59DB6FD1-BEC3-4827-B4C2-1E8BE527266E}.Debug|Any CPU.ActiveCfg = Debug|Any CPU
		{59DB6FD1-BEC3-4827-B4C2-1E8BE527266E}.Debug|Any CPU.Build.0 = Debug|Any CPU
		{59DB6FD1-BEC3-4827-B4C2-1E8BE527266E}.Release|Any CPU.ActiveCfg = Release|Any CPU
		{59DB6FD1-BEC3-4827-B4C2-1E8BE527266E}.Release|Any CPU.Build.0 = Release|Any CPU
	EndGlobalSection
	GlobalSection(SolutionProperties) = preSolution
		HideSolutionNode = FALSE
	EndGlobalSection
EndGlobal
