
Microsoft Visual Studio Solution File, Format Version 12.00
# Visual Studio 2013
VisualStudioVersion = 12.0.40629.0
MinimumVisualStudioVersion = 10.0.40219.1
Project("{FAE04EC0-301F-11D3-BF4B-00C04F79EFBC}") = "DiemDuLich", "DiemDuLich\DiemDuLich.csproj", "{C55C10D8-2268-4B72-8B0D-A2A6EA504DBB}"
EndProject
Project("{FAE04EC0-301F-11D3-BF4B-00C04F79EFBC}") = "EntityModel", "EntityModel\EntityModel.csproj", "{5191AA84-0DE7-4883-9F34-2FBC4BE95B74}"
EndProject
Global
	GlobalSection(SolutionConfigurationPlatforms) = preSolution
		Debug|Any CPU = Debug|Any CPU
		Release|Any CPU = Release|Any CPU
	EndGlobalSection
	GlobalSection(ProjectConfigurationPlatforms) = postSolution
		{C55C10D8-2268-4B72-8B0D-A2A6EA504DBB}.Debug|Any CPU.ActiveCfg = Debug|Any CPU
		{C55C10D8-2268-4B72-8B0D-A2A6EA504DBB}.Debug|Any CPU.Build.0 = Debug|Any CPU
		{C55C10D8-2268-4B72-8B0D-A2A6EA504DBB}.Release|Any CPU.ActiveCfg = Release|Any CPU
		{C55C10D8-2268-4B72-8B0D-A2A6EA504DBB}.Release|Any CPU.Build.0 = Release|Any CPU
		{5191AA84-0DE7-4883-9F34-2FBC4BE95B74}.Debug|Any CPU.ActiveCfg = Debug|Any CPU
		{5191AA84-0DE7-4883-9F34-2FBC4BE95B74}.Debug|Any CPU.Build.0 = Debug|Any CPU
		{5191AA84-0DE7-4883-9F34-2FBC4BE95B74}.Release|Any CPU.ActiveCfg = Release|Any CPU
		{5191AA84-0DE7-4883-9F34-2FBC4BE95B74}.Release|Any CPU.Build.0 = Release|Any CPU
	EndGlobalSection
	GlobalSection(SolutionProperties) = preSolution
		HideSolutionNode = FALSE
	EndGlobalSection
EndGlobal
